
Microsoft Visual Studio Solution File, Format Version 12.00
# Visual Studio 15
Project("{FAE04EC0-301F-11D3-BF4B-00C04F79EFBC}") = "Assembly-CSharp", "Assembly-CSharp.csproj", "{91FA7D61-66E0-D9E1-458A-2B938EF58FAE}"
EndProject
Project("{FAE04EC0-301F-11D3-BF4B-00C04F79EFBC}") = "VuforiaScripts", "VuforiaScripts.csproj", "{ADDB0F06-3D0F-565E-31DD-4EBB3FEEDCAF}"
EndProject
Project("{FAE04EC0-301F-11D3-BF4B-00C04F79EFBC}") = "Assembly-CSharp-Editor", "Assembly-CSharp-Editor.csproj", "{733D213D-EC88-8AC8-C482-B1FFB73C9A4B}"
EndProject
Project("{FAE04EC0-301F-11D3-BF4B-00C04F79EFBC}") = "VuforiaEditorScripts", "VuforiaEditorScripts.csproj", "{4A58012C-599B-6783-DACF-457C828885EE}"
EndProject
Global
	GlobalSection(SolutionConfigurationPlatforms) = preSolution
		Debug|Any CPU = Debug|Any CPU
		Release|Any CPU = Release|Any CPU
	EndGlobalSection
	GlobalSection(ProjectConfigurationPlatforms) = postSolution
		{91FA7D61-66E0-D9E1-458A-2B938EF58FAE}.Debug|Any CPU.ActiveCfg = Debug|Any CPU
		{91FA7D61-66E0-D9E1-458A-2B938EF58FAE}.Debug|Any CPU.Build.0 = Debug|Any CPU
		{91FA7D61-66E0-D9E1-458A-2B938EF58FAE}.Release|Any CPU.ActiveCfg = Release|Any CPU
		{91FA7D61-66E0-D9E1-458A-2B938EF58FAE}.Release|Any CPU.Build.0 = Release|Any CPU
		{ADDB0F06-3D0F-565E-31DD-4EBB3FEEDCAF}.Debug|Any CPU.ActiveCfg = Debug|Any CPU
		{ADDB0F06-3D0F-565E-31DD-4EBB3FEEDCAF}.Debug|Any CPU.Build.0 = Debug|Any CPU
		{ADDB0F06-3D0F-565E-31DD-4EBB3FEEDCAF}.Release|Any CPU.ActiveCfg = Release|Any CPU
		{ADDB0F06-3D0F-565E-31DD-4EBB3FEEDCAF}.Release|Any CPU.Build.0 = Release|Any CPU
		{733D213D-EC88-8AC8-C482-B1FFB73C9A4B}.Debug|Any CPU.ActiveCfg = Debug|Any CPU
		{733D213D-EC88-8AC8-C482-B1FFB73C9A4B}.Debug|Any CPU.Build.0 = Debug|Any CPU
		{733D213D-EC88-8AC8-C482-B1FFB73C9A4B}.Release|Any CPU.ActiveCfg = Release|Any CPU
		{733D213D-EC88-8AC8-C482-B1FFB73C9A4B}.Release|Any CPU.Build.0 = Release|Any CPU
		{4A58012C-599B-6783-DACF-457C828885EE}.Debug|Any CPU.ActiveCfg = Debug|Any CPU
		{4A58012C-599B-6783-DACF-457C828885EE}.Debug|Any CPU.Build.0 = Debug|Any CPU
		{4A58012C-599B-6783-DACF-457C828885EE}.Release|Any CPU.ActiveCfg = Release|Any CPU
		{4A58012C-599B-6783-DACF-457C828885EE}.Release|Any CPU.Build.0 = Release|Any CPU
	EndGlobalSection
	GlobalSection(SolutionProperties) = preSolution
		HideSolutionNode = FALSE
	EndGlobalSection
EndGlobal
